
Microsoft Visual Studio Solution File, Format Version 12.00
# Visual Studio Version 17
VisualStudioVersion = 17.5.001.0
MinimumVisualStudioVersion = 10.0.40219.1
Project("{9A19103F-16F7-4668-BE54-9A1E7A4F7556}") = "Task1", "Task1.csproj", "{4FA56459-E670-4A02-BEF1-4F8248B31FEE}"
EndProject
Global
	GlobalSection(SolutionConfigurationPlatforms) = preSolution
		Debug|Any CPU = Debug|Any CPU
		Release|Any CPU = Release|Any CPU
	EndGlobalSection
	GlobalSection(ProjectConfigurationPlatforms) = postSolution
		{4FA56459-E670-4A02-BEF1-4F8248B31FEE}.Debug|Any CPU.ActiveCfg = Debug|Any CPU
		{4FA56459-E670-4A02-BEF1-4F8248B31FEE}.Debug|Any CPU.Build.0 = Debug|Any CPU
		{4FA56459-E670-4A02-BEF1-4F8248B31FEE}.Release|Any CPU.ActiveCfg = Release|Any CPU
		{4FA56459-E670-4A02-BEF1-4F8248B31FEE}.Release|Any CPU.Build.0 = Release|Any CPU
	EndGlobalSection
	GlobalSection(SolutionProperties) = preSolution
		HideSolutionNode = FALSE
	EndGlobalSection
	GlobalSection(ExtensibilityGlobals) = postSolution
		SolutionGuid = {3EFD32D1-AAFC-4ABD-9EDB-2B7508DCA34F}
	EndGlobalSection
EndGlobal
